{
  "name": "Module_9_lesson_1",
  "version": "1.0.0",
  "lockfileVersion": 1,
  "requires": true,
  "dependencies": {
    "attempt-x": {
      "version": "2.1.2",
      "resolved": "https://registry.npmjs.org/attempt-x/-/attempt-x-2.1.2.tgz",
      "integrity": "sha512-vblT/0yT5dmm2qo8mfBjtiu0BGL/HWhxBFTrqHvkjQQSsXb/sTmpYIi1StJGSN5W/TX2E+FsuX7c23ExMZy2jw==",
      "requires": {
        "simple-call-x": "^1.0.3",
        "util-pusher-x": "^1.0.3"
      }
    },
    "has-boxed-string-x": {
      "version": "2.1.1",
      "resolved": "https://registry.npmjs.org/has-boxed-string-x/-/has-boxed-string-x-2.1.1.tgz",
      "integrity": "sha512-1MmOo3H8UbI6JQ3e3TaxAXHQmpnyrM5DjYRqRXNvjl/UHZqb2fEyfp0UPvtbzvmOf0+sBzcv4ea/LEw87WNyVA=="
    },
    "has-symbol-support-x": {
      "version": "2.1.2",
      "resolved": "https://registry.npmjs.org/has-symbol-support-x/-/has-symbol-support-x-2.1.2.tgz",
      "integrity": "sha512-RpWVMhXSkiJCXI7+bavsapHwlS0VD7rCOSwhzcy0yZzFXxr+FznUBK4OkECVH/EOM1ZoVXw8OzABIEvaEFl+Zg==",
      "requires": {
        "attempt-x": "^2.1.2",
        "is-symbol": "^1.0.2"
      }
    },
    "has-symbols": {
      "version": "1.0.2",
      "resolved": "https://registry.npmjs.org/has-symbols/-/has-symbols-1.0.2.tgz",
      "integrity": "sha512-chXa79rL/UC2KlX17jo3vRGz0azaWEx5tGqZg5pO3NUyEJVB17dMruQlzCCOfUvElghKcm5194+BCRvi2Rv/Gw=="
    },
    "has-to-string-tag-x": {
      "version": "2.1.2",
      "resolved": "https://registry.npmjs.org/has-to-string-tag-x/-/has-to-string-tag-x-2.1.2.tgz",
      "integrity": "sha512-xVv4BRcvyT9FAZSzvWD6tzVWj5JHK2d+mcv2wRSIfNBhG534hSfDGPdtx3hHJUE94BufO+pFyVpKbnaC6dsalA==",
      "requires": {
        "has-symbol-support-x": "^2.1.2",
        "is-symbol": "^1.0.2"
      }
    },
    "has-working-bind-x": {
      "version": "1.0.1",
      "resolved": "https://registry.npmjs.org/has-working-bind-x/-/has-working-bind-x-1.0.1.tgz",
      "integrity": "sha512-iVknmNYk7CdVSDsdIyaeyPNPHlhoESfNEztH9J6kUayhj123M1so039HfC91vAOtR4NyLXWyvaFiNaXvmT/JRQ==",
      "requires": {
        "noop-x": "^1.2.1"
      }
    },
    "is-object": {
      "version": "1.0.2",
      "resolved": "https://registry.npmjs.org/is-object/-/is-object-1.0.2.tgz",
      "integrity": "sha512-2rRIahhZr2UWb45fIOuvZGpFtz0TyOZLf32KxBbSoUCeZR495zCKlWUKKUByk3geS2eAs7ZAABt0Y/Rx0GiQGA=="
    },
    "is-primitive-x": {
      "version": "1.0.1",
      "resolved": "https://registry.npmjs.org/is-primitive-x/-/is-primitive-x-1.0.1.tgz",
      "integrity": "sha512-Z29Qi/aRkELj6LO3LnnSAPN1929UIpY0h0yha5zULYo3VY1Q8hr2ocAE/fVZf22D8LFwoDoGSZwepbk7nvv+Ag=="
    },
    "is-string": {
      "version": "1.0.6",
      "resolved": "https://registry.npmjs.org/is-string/-/is-string-1.0.6.tgz",
      "integrity": "sha512-2gdzbKUuqtQ3lYNrUTQYoClPhm7oQu4UdpSZMp1/DGgkHBT8E2Z1l0yMdb6D4zNAxwDiMv8MdulKROJGNl0Q0w=="
    },
    "is-symbol": {
      "version": "1.0.4",
      "resolved": "https://registry.npmjs.org/is-symbol/-/is-symbol-1.0.4.tgz",
      "integrity": "sha512-C/CPBqKWnvdcxqIARxyOh4v1UUEOCHpgDa0WYgpKDFMszcrPcffg5uhwSgPCLD2WWxmq6isisz87tzT01tuGhg==",
      "requires": {
        "has-symbols": "^1.0.2"
      }
    },
    "is-urlsearchparams": {
      "version": "1.0.2",
      "resolved": "https://registry.npmjs.org/is-urlsearchparams/-/is-urlsearchparams-1.0.2.tgz",
      "integrity": "sha512-RrqCHNnM6q7PJ0h0zFaRc7mFGDXoJod2FTIfcSZpjsbLelY47H2js7SY1oc9uS2LMJ1hYBAwnRA3QskuwzcC7Q==",
      "requires": {
        "has-to-string-tag-x": "^2.1.2",
        "is-object": "^1.0.2"
      }
    },
    "isurl": {
      "version": "4.0.2",
      "resolved": "https://registry.npmjs.org/isurl/-/isurl-4.0.2.tgz",
      "integrity": "sha512-k7ifDSe8VfHALfwSeIzOV64EvQsENcMZIHioFhHJO1HUF7ZKnbhW+Dv3LntJoX34fxyoHbvB+MQnM7i4qAHyOQ==",
      "requires": {
        "has-to-string-tag-x": "^2.1.2",
        "is-object": "^1.0.2",
        "is-urlsearchparams": "^1.0.2"
      }
    },
    "noop-x": {
      "version": "1.2.1",
      "resolved": "https://registry.npmjs.org/noop-x/-/noop-x-1.2.1.tgz",
      "integrity": "sha512-X+jn3u2YhlAjteZIfrcVxaDLRfnrMvkzQ+jRatOX8UO7PFqU0QKlcyI2DhvLKEK2K4u1cRrZw9QqK3XruvyH2A=="
    },
    "simple-bind-x": {
      "version": "1.0.3",
      "resolved": "https://registry.npmjs.org/simple-bind-x/-/simple-bind-x-1.0.3.tgz",
      "integrity": "sha512-UNt+DzNdI/a6dfkpJoGTCarOKnBBNxTwcjrCqQWtHQ5NZtI0fdjL4hB4YtYCbOETGnNw5/e69K6URhSs738KLg==",
      "requires": {
        "has-working-bind-x": "^1.0.1",
        "util-pusher-x": "^1.0.3"
      }
    },
    "simple-call-x": {
      "version": "1.0.3",
      "resolved": "https://registry.npmjs.org/simple-call-x/-/simple-call-x-1.0.3.tgz",
      "integrity": "sha512-f80t0ft82q15coHABjl95mnqCDIkpxLeQzfwdwtc0bx0FTnsS8uKDseyY0Pxa2O6Oh5Lpe2QKG2Q3NXWPjxEMQ==",
      "requires": {
        "simple-bind-x": "^1.0.3",
        "util-pusher-x": "^1.0.3"
      }
    },
    "util-pusher-x": {
      "version": "1.0.3",
      "resolved": "https://registry.npmjs.org/util-pusher-x/-/util-pusher-x-1.0.3.tgz",
      "integrity": "sha512-+hCPl/DrppZRn/RHYnUcNwckR4h5s06pUELCSGEMhdYSy7N6dIfvozR482w5j2+eKfXvDISL/QNlTnRPB2skDw==",
      "requires": {
        "has-boxed-string-x": "^2.1.1",
        "has-working-bind-x": "^1.0.1",
        "is-primitive-x": "^1.0.1",
        "is-string": "^1.0.4"
      }
    }
  }
}
